# THIS IS AN AUTOGENERATED FILE. DO NOT EDIT THIS FILE DIRECTLY.
# yarn lockfile v1


"@types/eslint@4.16.8":
  version "4.16.8"
  resolved "https://registry.yarnpkg.com/@types/eslint/-/eslint-4.16.8.tgz#856f0eb8a312d25a7989b6d0ab708e8d5f8cc7ee"
  integrity sha512-n0ZvaIpPeBxproRvV+tZoCHRxIoNAk+k+XMvQefKgx3qM3IundoogQBAwiNEnqW0GDP1j1ATe5lFy9xxutFAHg==
  dependencies:
    "@types/estree" "*"
    "@types/json-schema" "*"

"@types/estree@*":
  version "0.0.39"
  resolved "https://registry.yarnpkg.com/@types/estree/-/estree-0.0.39.tgz#e177e699ee1b8c22d23174caaa7422644389509f"
  integrity sha512-EYNwp3bU+98cpU4lAWYYL7Zz+2gryWH1qbdDTidVd6hkiR6weksdbMadyXKXNPEkQFhXM+hVO9ZygomHXp+AIw==

"@types/json-schema@*", "@types/json-schema@^7.0.3":
  version "7.0.3"
  resolved "https://registry.yarnpkg.com/@types/json-schema/-/json-schema-7.0.3.tgz#bdfd69d61e464dcc81b25159c270d75a73c1a636"
  integrity sha512-Il2DtDVRGDcqjDtE+rF8iqg1CArehSK84HZJCT7AMITlyXRBpuPhqGLDQMowraqqu1coEaimg4ZOqggt6L6L+A==

"@typescript-eslint/experimental-utils@2.3.0":
  version "2.3.0"
  resolved "https://registry.yarnpkg.com/@typescript-eslint/experimental-utils/-/experimental-utils-2.3.0.tgz#19a8e1b8fcee7d7469f3b44691d91830568de140"
  integrity sha512-ry+fgd0Hh33LyzS30bIhX/a1HJpvtnecjQjWxxsZTavrRa1ymdmX7tz+7lPrPAxB018jnNzwNtog6s3OhxPTAg==
  dependencies:
    "@types/json-schema" "^7.0.3"
    "@typescript-eslint/typescript-estree" "2.3.0"
    eslint-scope "^5.0.0"

"@typescript-eslint/typescript-estree@2.3.0":
  version "2.3.0"
  resolved "https://registry.yarnpkg.com/@typescript-eslint/typescript-estree/-/typescript-estree-2.3.0.tgz#fd8faff7e4c73795c65e5817c52f9038e33ef29d"
  integrity sha512-WBxfwsTeCOsmQ7cLjow7lgysviBKUW34npShu7dxJYUQCbSG5nfZWZTgmQPKEc+3flpbSM7tjXjQOgETYp+njQ==
  dependencies:
    glob "^7.1.4"
    is-glob "^4.0.1"
    lodash.unescape "4.0.1"
    semver "^6.3.0"

balanced-match@^1.0.0:
  version "1.0.0"
  resolved "https://registry.yarnpkg.com/balanced-match/-/balanced-match-1.0.0.tgz#89b4d199ab2bee49de164ea02b89ce462d71b767"
  integrity sha1-ibTRmasr7kneFk6gK4nORi1xt2c=

brace-expansion@^1.1.7:
  version "1.1.11"
  resolved "https://registry.yarnpkg.com/brace-expansion/-/brace-expansion-1.1.11.tgz#3c7fcbf529d87226f3d2f52b966ff5271eb441dd"
  integrity sha512-iCuPHDFgrHX7H2vEI/5xpz07zSHB00TpugqhmYtVmMO6518mCuRMoOYFldEBl0g187ufozdaHgWKcYFb61qGiA==
  dependencies:
    balanced-match "^1.0.0"
    concat-map "0.0.1"

clean-regexp@^1.0.0:
  version "1.0.0"
  resolved "https://registry.yarnpkg.com/clean-regexp/-/clean-regexp-1.0.0.tgz#8df7c7aae51fd36874e8f8d05b9180bc11a3fed7"
  integrity sha1-jffHquUf02h06PjQW5GAvBGj/tc=
  dependencies:
    escape-string-regexp "^1.0.5"

concat-map@0.0.1:
  version "0.0.1"
  resolved "https://registry.yarnpkg.com/concat-map/-/concat-map-0.0.1.tgz#d8a96bd77fd68df7793a73036a3ba0d5405d477b"
  integrity sha1-2Klr13/Wjfd5OnMDajug1UBdR3s=

escape-string-regexp@^1.0.5:
  version "1.0.5"
  resolved "https://registry.yarnpkg.com/escape-string-regexp/-/escape-string-regexp-1.0.5.tgz#1b61c0562190a8dff6ae3bb2cf0200ca130b86d4"
  integrity sha1-G2HAViGQqN/2rjuyzwIAyhMLhtQ=

eslint-ast-utils@^1.0.0:
  version "1.1.0"
  resolved "https://registry.yarnpkg.com/eslint-ast-utils/-/eslint-ast-utils-1.1.0.tgz#3d58ba557801cfb1c941d68131ee9f8c34bd1586"
  integrity sha512-otzzTim2/1+lVrlH19EfQQJEhVJSu0zOb9ygb3iapN6UlyaDtyRq4b5U1FuW0v1lRa9Fp/GJyHkSwm6NqABgCA==
  dependencies:
    lodash.get "^4.4.2"
    lodash.zip "^4.2.0"

eslint-plugin-unicorn@9.1.1:
  version "9.1.1"
  resolved "https://registry.yarnpkg.com/eslint-plugin-unicorn/-/eslint-plugin-unicorn-9.1.1.tgz#1588a0473f9a0e37cfbbcf7552065a0b0a96ce26"
  integrity sha512-SHh/N54pRu5KXlS4Boa1qbWM7yTNl6VpuYJ8Qc1O3TJDr+CDUwEEdUtVlVSV/dBUE97BC8Xk0+Y5zphn21qlCA==
  dependencies:
    clean-regexp "^1.0.0"
    eslint-ast-utils "^1.0.0"
    import-modules "^1.1.0"
    lodash.camelcase "^4.1.1"
    lodash.defaultsdeep "^4.6.0"
    lodash.kebabcase "^4.0.1"
    lodash.snakecase "^4.0.1"
    lodash.topairs "^4.3.0"
    lodash.upperfirst "^4.2.0"
    regexpp "^2.0.1"
    reserved-words "^0.1.2"
    safe-regex "^2.0.1"

eslint-scope@^5.0.0:
  version "5.0.0"
  resolved "https://registry.yarnpkg.com/eslint-scope/-/eslint-scope-5.0.0.tgz#e87c8887c73e8d1ec84f1ca591645c358bfc8fb9"
  integrity sha512-oYrhJW7S0bxAFDvWqzvMPRm6pcgcnWc4QnofCAqRTRfQC0JcwenzGglTtsLyIuuWFfkqDG9vz67cnttSd53djw==
  dependencies:
    esrecurse "^4.1.0"
    estraverse "^4.1.1"

esrecurse@^4.1.0:
  version "4.2.1"
  resolved "https://registry.yarnpkg.com/esrecurse/-/esrecurse-4.2.1.tgz#007a3b9fdbc2b3bb87e4879ea19c92fdbd3942cf"
  integrity sha512-64RBB++fIOAXPw3P9cy89qfMlvZEXZkqqJkjqqXIvzP5ezRZjW+lPWjw35UX/3EhUPFYbg5ER4JYgDw4007/DQ==
  dependencies:
    estraverse "^4.1.0"

estraverse@^4.1.0, estraverse@^4.1.1:
  version "4.3.0"
  resolved "https://registry.yarnpkg.com/estraverse/-/estraverse-4.3.0.tgz#398ad3f3c5a24948be7725e83d11a7de28cdbd1d"
  integrity sha512-39nnKffWz8xN1BU/2c79n9nB9HDzo0niYUqx6xyqUnyoAnQyyWpOTdZEeiCch8BBu515t4wp9ZmgVfVhn9EBpw==

fs.realpath@^1.0.0:
  version "1.0.0"
  resolved "https://registry.yarnpkg.com/fs.realpath/-/fs.realpath-1.0.0.tgz#1504ad2523158caa40db4a2787cb01411994ea4f"
  integrity sha1-FQStJSMVjKpA20onh8sBQRmU6k8=

glob@^7.1.4:
  version "7.1.4"
  resolved "https://registry.yarnpkg.com/glob/-/glob-7.1.4.tgz#aa608a2f6c577ad357e1ae5a5c26d9a8d1969255"
  integrity sha512-hkLPepehmnKk41pUGm3sYxoFs/umurYfYJCerbXEyFIWcAzvpipAgVkBqqT9RBKMGjnq6kMuyYwha6csxbiM1A==
  dependencies:
    fs.realpath "^1.0.0"
    inflight "^1.0.4"
    inherits "2"
    minimatch "^3.0.4"
    once "^1.3.0"
    path-is-absolute "^1.0.0"

import-modules@^1.1.0:
  version "1.1.0"
  resolved "https://registry.yarnpkg.com/import-modules/-/import-modules-1.1.0.tgz#748db79c5cc42bb9701efab424f894e72600e9dc"
  integrity sha1-dI23nFzEK7lwHvq0JPiU5yYA6dw=

inflight@^1.0.4:
  version "1.0.6"
  resolved "https://registry.yarnpkg.com/inflight/-/inflight-1.0.6.tgz#49bd6331d7d02d0c09bc910a1075ba8165b56df9"
  integrity sha1-Sb1jMdfQLQwJvJEKEHW6gWW1bfk=
  dependencies:
    once "^1.3.0"
    wrappy "1"

inherits@2:
  version "2.0.4"
  resolved "https://registry.yarnpkg.com/inherits/-/inherits-2.0.4.tgz#0fa2c64f932917c3433a0ded55363aae37416b7c"
  integrity sha512-k/vGaX4/Yla3WzyMCvTQOXYeIHvqOKtnqBduzTHpzpQZzAskKMhZ2K+EnBiSM9zGSoIFeMpXKxa4dYeZIQqewQ==

is-extglob@^2.1.1:
  version "2.1.1"
  resolved "https://registry.yarnpkg.com/is-extglob/-/is-extglob-2.1.1.tgz#a88c02535791f02ed37c76a1b9ea9773c833f8c2"
  integrity sha1-qIwCU1eR8C7TfHahueqXc8gz+MI=

is-glob@^4.0.1:
  version "4.0.1"
  resolved "https://registry.yarnpkg.com/is-glob/-/is-glob-4.0.1.tgz#7567dbe9f2f5e2467bc77ab83c4a29482407a5dc"
  integrity sha512-5G0tKtBTFImOqDnLB2hG6Bp2qcKEFduo4tZu9MT/H6NQv/ghhy30o55ufafxJ/LdH79LLs2Kfrn85TLKyA7BUg==
  dependencies:
    is-extglob "^2.1.1"

lodash.camelcase@^4.1.1:
  version "4.3.0"
  resolved "https://registry.yarnpkg.com/lodash.camelcase/-/lodash.camelcase-4.3.0.tgz#b28aa6288a2b9fc651035c7711f65ab6190331a6"
  integrity sha1-soqmKIorn8ZRA1x3EfZathkDMaY=

lodash.defaultsdeep@^4.6.0:
  version "4.6.1"
  resolved "https://registry.yarnpkg.com/lodash.defaultsdeep/-/lodash.defaultsdeep-4.6.1.tgz#512e9bd721d272d94e3d3a63653fa17516741ca6"
  integrity sha512-3j8wdDzYuWO3lM3Reg03MuQR957t287Rpcxp1njpEa8oDrikb+FwGdW3n+FELh/A6qib6yPit0j/pv9G/yeAqA==

lodash.get@^4.4.2:
  version "4.4.2"
  resolved "https://registry.yarnpkg.com/lodash.get/-/lodash.get-4.4.2.tgz#2d177f652fa31e939b4438d5341499dfa3825e99"
  integrity sha1-LRd/ZS+jHpObRDjVNBSZ36OCXpk=

lodash.kebabcase@^4.0.1:
  version "4.1.1"
  resolved "https://registry.yarnpkg.com/lodash.kebabcase/-/lodash.kebabcase-4.1.1.tgz#8489b1cb0d29ff88195cceca448ff6d6cc295c36"
  integrity sha1-hImxyw0p/4gZXM7KRI/21swpXDY=

lodash.snakecase@^4.0.1:
  version "4.1.1"
  resolved "https://registry.yarnpkg.com/lodash.snakecase/-/lodash.snakecase-4.1.1.tgz#39d714a35357147837aefd64b5dcbb16becd8f8d"
  integrity sha1-OdcUo1NXFHg3rv1ktdy7Fr7Nj40=

lodash.topairs@^4.3.0:
  version "4.3.0"
  resolved "https://registry.yarnpkg.com/lodash.topairs/-/lodash.topairs-4.3.0.tgz#3b6deaa37d60fb116713c46c5f17ea190ec48d64"
  integrity sha1-O23qo31g+xFnE8RsXxfqGQ7EjWQ=

lodash.unescape@4.0.1:
  version "4.0.1"
  resolved "https://registry.yarnpkg.com/lodash.unescape/-/lodash.unescape-4.0.1.tgz#bf2249886ce514cda112fae9218cdc065211fc9c"
  integrity sha1-vyJJiGzlFM2hEvrpIYzcBlIR/Jw=

lodash.upperfirst@^4.2.0:
  version "4.3.1"
  resolved "https://registry.yarnpkg.com/lodash.upperfirst/-/lodash.upperfirst-4.3.1.tgz#1365edf431480481ef0d1c68957a5ed99d49f7ce"
  integrity sha1-E2Xt9DFIBIHvDRxolXpe2Z1J984=

lodash.zip@^4.2.0:
  version "4.2.0"
  resolved "https://registry.yarnpkg.com/lodash.zip/-/lodash.zip-4.2.0.tgz#ec6662e4896408ed4ab6c542a3990b72cc080020"
  integrity sha1-7GZi5IlkCO1KtsVCo5kLcswIACA=

minimatch@^3.0.4:
  version "3.0.4"
  resolved "https://registry.yarnpkg.com/minimatch/-/minimatch-3.0.4.tgz#5166e286457f03306064be5497e8dbb0c3d32083"
  integrity sha512-yJHVQEhyqPLUTgt9B83PXu6W3rx4MvvHvSUvToogpwoGDOUQ+yDrR0HRot+yOCdCO7u4hX3pWft6kWBBcqh0UA==
  dependencies:
    brace-expansion "^1.1.7"

once@^1.3.0:
  version "1.4.0"
  resolved "https://registry.yarnpkg.com/once/-/once-1.4.0.tgz#583b1aa775961d4b113ac17d9c50baef9dd76bd1"
  integrity sha1-WDsap3WWHUsROsF9nFC6753Xa9E=
  dependencies:
    wrappy "1"

path-is-absolute@^1.0.0:
  version "1.0.1"
  resolved "https://registry.yarnpkg.com/path-is-absolute/-/path-is-absolute-1.0.1.tgz#174b9268735534ffbc7ace6bf53a5a9e1b5c5f5f"
  integrity sha1-F0uSaHNVNP+8es5r9TpanhtcX18=

regexp-tree@~0.1.1:
  version "0.1.13"
  resolved "https://registry.yarnpkg.com/regexp-tree/-/regexp-tree-0.1.13.tgz#5b19ab9377edc68bc3679256840bb29afc158d7f"
  integrity sha512-hwdV/GQY5F8ReLZWO+W1SRoN5YfpOKY6852+tBFcma72DKBIcHjPRIlIvQN35bCOljuAfP2G2iB0FC/w236mUw==

regexpp@^2.0.1:
  version "2.0.1"
  resolved "https://registry.yarnpkg.com/regexpp/-/regexpp-2.0.1.tgz#8d19d31cf632482b589049f8281f93dbcba4d07f"
  integrity sha512-lv0M6+TkDVniA3aD1Eg0DVpfU/booSu7Eev3TDO/mZKHBfVjgCGTV4t4buppESEYDtkArYFOxTJWv6S5C+iaNw==

reserved-words@^0.1.2:
  version "0.1.2"
  resolved "https://registry.yarnpkg.com/reserved-words/-/reserved-words-0.1.2.tgz#00a0940f98cd501aeaaac316411d9adc52b31ab1"
  integrity sha1-AKCUD5jNUBrqqsMWQR2a3FKzGrE=

safe-regex@^2.0.1:
  version "2.0.2"
  resolved "https://registry.yarnpkg.com/safe-regex/-/safe-regex-2.0.2.tgz#3601b28d3aefe4b963d42f6c2cdb241265cbd63c"
  integrity sha512-rRALJT0mh4qVFIJ9HvfjKDN77F9vp7kltOpFFI/8e6oKyHFmmxz4aSkY/YVauRDe7U0RrHdw9Lsxdel3E19s0A==
  dependencies:
    regexp-tree "~0.1.1"

semver@^6.3.0:
  version "6.3.0"
  resolved "https://registry.yarnpkg.com/semver/-/semver-6.3.0.tgz#ee0a64c8af5e8ceea67687b133761e1becbd1d3d"
  integrity sha512-b39TBaTSfV6yBrapU89p5fKekE2m/NwnDocOVruQFS1/veMgdzuPcnOM34M6CwxW8jH/lxEa5rBoDeUwu5HHTw==

wrappy@1:
  version "1.0.2"
  resolved "https://registry.yarnpkg.com/wrappy/-/wrappy-1.0.2.tgz#b5243d8f3ec1aa35f1364605bc0d1036e30ab69f"
  integrity sha1-tSQ9jz7BqjXxNkYFvA0QNuMKtp8=
